
Microsoft Visual Studio Solution File, Format Version 12.00
# Visual Studio 15
VisualStudioVersion = 15.0.26228.18
MinimumVisualStudioVersion = 10.0.40219.1
Project("{FAE04EC0-301F-11D3-BF4B-00C04F79EFBC}") = "LV7-analiza", "LV7-analiza\LV7-analiza.csproj", "{6CD7F8ED-8A02-475E-B55B-A12A858A1563}"
EndProject
Global
	GlobalSection(SolutionConfigurationPlatforms) = preSolution
		Debug|Any CPU = Debug|Any CPU
		Release|Any CPU = Release|Any CPU
	EndGlobalSection
	GlobalSection(ProjectConfigurationPlatforms) = postSolution
		{6CD7F8ED-8A02-475E-B55B-A12A858A1563}.Debug|Any CPU.ActiveCfg = Debug|Any CPU
		{6CD7F8ED-8A02-475E-B55B-A12A858A1563}.Debug|Any CPU.Build.0 = Debug|Any CPU
		{6CD7F8ED-8A02-475E-B55B-A12A858A1563}.Release|Any CPU.ActiveCfg = Release|Any CPU
		{6CD7F8ED-8A02-475E-B55B-A12A858A1563}.Release|Any CPU.Build.0 = Release|Any CPU
	EndGlobalSection
	GlobalSection(SolutionProperties) = preSolution
		HideSolutionNode = FALSE
	EndGlobalSection
EndGlobal
